{"format_version":"1.0","terraform_version":"1.1.7","planned_values":{"root_module":{"resources":[{"address":"google_compute_disk.disk1","mode":"managed","type":"google_compute_disk","name":"disk1","provider_name":"registry.terraform.io/hashicorp/google","schema_version":0,"values":{"description":null,"disk_encryption_key":[],"image":"https://www.googleapis.com/compute/v1/projects/debian-cloud/global/images/debian-9-stretch-v20220406","labels":null,"name":"disk-for-appserver","provisioned_iops":null,"size":10,"snapshot":null,"source_image_encryption_key":[],"source_snapshot_encryption_key":[],"timeouts":null,"type":"pd-ssd","zone":"us-central1-a"},"sensitive_values":{"disk_encryption_key":[],"source_image_encryption_key":[],"source_snapshot_encryption_key":[],"users":[]}},{"address":"google_compute_instance_template.default","mode":"managed","type":"google_compute_instance_template","name":"default","provider_name":"registry.terraform.io/hashicorp/google","schema_version":1,"values":{"advanced_machine_features":[],"can_ip_forward":false,"description":"This template is used to create app server instances.","disk":[{"auto_delete":true,"boot":true,"disk_encryption_key":[],"disk_name":null,"labels":null,"source":null,"source_image":"debian-cloud/debian-9"},{"auto_delete":false,"boot":false,"disk_encryption_key":[],"disk_name":null,"labels":null,"resource_policies":null,"source":"disk-for-appserver"}],"guest_accelerator":[],"instance_description":"description assigned to instances","labels":{"environment":"dev"},"machine_type":"e2-medium","metadata":{"foo":"bar"},"metadata_startup_script":null,"min_cpu_platform":null,"name":"template-app","network_interface":[{"access_config":[],"alias_ip_range":[],"ipv6_access_config":[],"network":"default","network_ip":null,"nic_type":null,"queue_count":null}],"reservation_affinity":[],"scheduling":[{"automatic_restart":true,"min_node_cpus":null,"node_affinities":[],"on_host_maintenance":"MIGRATE","preemptible":false}],"service_account":[{"scopes":["https://www.googleapis.com/auth/cloud-platform.read-only","https://www.googleapis.com/auth/compute.readonly","https://www.googleapis.com/auth/devstorage.read_only","https://www.googleapis.com/auth/logging.write","https://www.googleapis.com/auth/monitoring.write","https://www.googleapis.com/auth/source.read_only","https://www.googleapis.com/auth/userinfo.email"]}],"shielded_instance_config":[],"tags":["instancegroup"],"timeouts":null},"sensitive_values":{"advanced_machine_features":[],"confidential_instance_config":[],"disk":[{"disk_encryption_key":[],"resource_policies":[]},{"disk_encryption_key":[]}],"guest_accelerator":[],"labels":{},"metadata":{},"network_interface":[{"access_config":[],"alias_ip_range":[],"ipv6_access_config":[]}],"reservation_affinity":[],"scheduling":[{"node_affinities":[]}],"service_account":[{"scopes":[false,false,false,false,false,false,false]}],"shielded_instance_config":[],"tags":[false]}},{"address":"google_compute_resource_policy.daily_backup","mode":"managed","type":"google_compute_resource_policy","name":"daily_backup","provider_name":"registry.terraform.io/hashicorp/google","schema_version":0,"values":{"description":null,"group_placement_policy":[],"instance_schedule_policy":[],"name":"every-day-4am","region":"us-central1","snapshot_schedule_policy":[{"retention_policy":[],"schedule":[{"daily_schedule":[{"days_in_cycle":1,"start_time":"04:00"}],"hourly_schedule":[],"weekly_schedule":[]}],"snapshot_properties":[]}],"timeouts":null},"sensitive_values":{"group_placement_policy":[],"instance_schedule_policy":[],"snapshot_schedule_policy":[{"retention_policy":[],"schedule":[{"daily_schedule":[{}],"hourly_schedule":[],"weekly_schedule":[]}],"snapshot_properties":[]}]}},{"address":"google_service_account.default","mode":"managed","type":"google_service_account","name":"default","provider_name":"registry.terraform.io/hashicorp/google","schema_version":0,"values":{"account_id":"sa-for-tf-poc","description":null,"disabled":false,"display_name":"Service Account for TF POC","timeouts":null},"sensitive_values":{}}]}},"resource_changes":[{"address":"google_compute_disk.disk1","mode":"managed","type":"google_compute_disk","name":"disk1","provider_name":"registry.terraform.io/hashicorp/google","change":{"actions":["create"],"before":null,"after":{"description":null,"disk_encryption_key":[],"image":"https://www.googleapis.com/compute/v1/projects/debian-cloud/global/images/debian-9-stretch-v20220406","labels":null,"name":"disk-for-appserver","provisioned_iops":null,"size":10,"snapshot":null,"source_image_encryption_key":[],"source_snapshot_encryption_key":[],"timeouts":null,"type":"pd-ssd","zone":"us-central1-a"},"after_unknown":{"creation_timestamp":true,"disk_encryption_key":[],"id":true,"label_fingerprint":true,"last_attach_timestamp":true,"last_detach_timestamp":true,"physical_block_size_bytes":true,"project":true,"self_link":true,"source_image_encryption_key":[],"source_image_id":true,"source_snapshot_encryption_key":[],"source_snapshot_id":true,"users":true},"before_sensitive":false,"after_sensitive":{"disk_encryption_key":[],"source_image_encryption_key":[],"source_snapshot_encryption_key":[],"users":[]}}},{"address":"google_compute_instance_template.default","mode":"managed","type":"google_compute_instance_template","name":"default","provider_name":"registry.terraform.io/hashicorp/google","change":{"actions":["create"],"before":null,"after":{"advanced_machine_features":[],"can_ip_forward":false,"description":"This template is used to create app server instances.","disk":[{"auto_delete":true,"boot":true,"disk_encryption_key":[],"disk_name":null,"labels":null,"source":null,"source_image":"debian-cloud/debian-9"},{"auto_delete":false,"boot":false,"disk_encryption_key":[],"disk_name":null,"labels":null,"resource_policies":null,"source":"disk-for-appserver"}],"guest_accelerator":[],"instance_description":"description assigned to instances","labels":{"environment":"dev"},"machine_type":"e2-medium","metadata":{"foo":"bar"},"metadata_startup_script":null,"min_cpu_platform":null,"name":"template-app","network_interface":[{"access_config":[],"alias_ip_range":[],"ipv6_access_config":[],"network":"default","network_ip":null,"nic_type":null,"queue_count":null}],"reservation_affinity":[],"scheduling":[{"automatic_restart":true,"min_node_cpus":null,"node_affinities":[],"on_host_maintenance":"MIGRATE","preemptible":false}],"service_account":[{"scopes":["https://www.googleapis.com/auth/cloud-platform.read-only","https://www.googleapis.com/auth/compute.readonly","https://www.googleapis.com/auth/devstorage.read_only","https://www.googleapis.com/auth/logging.write","https://www.googleapis.com/auth/monitoring.write","https://www.googleapis.com/auth/source.read_only","https://www.googleapis.com/auth/userinfo.email"]}],"shielded_instance_config":[],"tags":["instancegroup"],"timeouts":null},"after_unknown":{"advanced_machine_features":[],"confidential_instance_config":true,"disk":[{"device_name":true,"disk_encryption_key":[],"disk_size_gb":true,"disk_type":true,"interface":true,"mode":true,"resource_policies":true,"type":true},{"device_name":true,"disk_encryption_key":[],"disk_size_gb":true,"disk_type":true,"interface":true,"mode":true,"source_image":true,"type":true}],"guest_accelerator":[],"id":true,"labels":{},"metadata":{},"metadata_fingerprint":true,"name_prefix":true,"network_interface":[{"access_config":[],"alias_ip_range":[],"ipv6_access_config":[],"ipv6_access_type":true,"name":true,"stack_type":true,"subnetwork":true,"subnetwork_project":true}],"project":true,"region":true,"reservation_affinity":[],"scheduling":[{"node_affinities":[]}],"self_link":true,"service_account":[{"email":true,"scopes":[false,false,false,false,false,false,false]}],"shielded_instance_config":[],"tags":[false],"tags_fingerprint":true},"before_sensitive":false,"after_sensitive":{"advanced_machine_features":[],"confidential_instance_config":[],"disk":[{"disk_encryption_key":[],"resource_policies":[]},{"disk_encryption_key":[]}],"guest_accelerator":[],"labels":{},"metadata":{},"network_interface":[{"access_config":[],"alias_ip_range":[],"ipv6_access_config":[]}],"reservation_affinity":[],"scheduling":[{"node_affinities":[]}],"service_account":[{"scopes":[false,false,false,false,false,false,false]}],"shielded_instance_config":[],"tags":[false]}}},{"address":"google_compute_resource_policy.daily_backup","mode":"managed","type":"google_compute_resource_policy","name":"daily_backup","provider_name":"registry.terraform.io/hashicorp/google","change":{"actions":["create"],"before":null,"after":{"description":null,"group_placement_policy":[],"instance_schedule_policy":[],"name":"every-day-4am","region":"us-central1","snapshot_schedule_policy":[{"retention_policy":[],"schedule":[{"daily_schedule":[{"days_in_cycle":1,"start_time":"04:00"}],"hourly_schedule":[],"weekly_schedule":[]}],"snapshot_properties":[]}],"timeouts":null},"after_unknown":{"group_placement_policy":[],"id":true,"instance_schedule_policy":[],"project":true,"self_link":true,"snapshot_schedule_policy":[{"retention_policy":[],"schedule":[{"daily_schedule":[{}],"hourly_schedule":[],"weekly_schedule":[]}],"snapshot_properties":[]}]},"before_sensitive":false,"after_sensitive":{"group_placement_policy":[],"instance_schedule_policy":[],"snapshot_schedule_policy":[{"retention_policy":[],"schedule":[{"daily_schedule":[{}],"hourly_schedule":[],"weekly_schedule":[]}],"snapshot_properties":[]}]}}},{"address":"google_service_account.default","mode":"managed","type":"google_service_account","name":"default","provider_name":"registry.terraform.io/hashicorp/google","change":{"actions":["create"],"before":null,"after":{"account_id":"sa-for-tf-poc","description":null,"disabled":false,"display_name":"Service Account for TF POC","timeouts":null},"after_unknown":{"email":true,"id":true,"name":true,"project":true,"unique_id":true},"before_sensitive":false,"after_sensitive":{}}}],"prior_state":{"format_version":"1.0","terraform_version":"1.1.7","values":{"root_module":{"resources":[{"address":"data.google_compute_image.image1","mode":"data","type":"google_compute_image","name":"image1","provider_name":"registry.terraform.io/hashicorp/google","schema_version":0,"values":{"archive_size_bytes":2590634112,"creation_timestamp":"2022-04-06T13:05:28.798-07:00","description":"Debian, Debian GNU/Linux, 9 (stretch), amd64 built on 20220406","disk_size_gb":10,"family":"debian-9","filter":null,"id":"projects/debian-cloud/global/images/debian-9-stretch-v20220406","image_encryption_key_sha256":"","image_id":"1994093915008945255","label_fingerprint":"42WmSpB8rSM=","labels":{},"licenses":["https://www.googleapis.com/compute/v1/projects/debian-cloud/global/licenses/debian-9-stretch"],"name":"debian-9-stretch-v20220406","project":"debian-cloud","self_link":"https://www.googleapis.com/compute/v1/projects/debian-cloud/global/images/debian-9-stretch-v20220406","source_disk":"","source_disk_encryption_key_sha256":"","source_disk_id":"","source_image_id":"","status":"READY"},"sensitive_values":{"labels":{},"licenses":[false]}}]}}},"configuration":{"provider_config":{"google":{"name":"google","version_constraint":"4.16.0","expressions":{"project":{"constant_value":"dev-testing-project-123124156"}}}},"root_module":{"resources":[{"address":"google_compute_disk.disk1","mode":"managed","type":"google_compute_disk","name":"disk1","provider_config_key":"google","expressions":{"image":{"references":["data.google_compute_image.image1.self_link","data.google_compute_image.image1"]},"name":{"constant_value":"disk-for-appserver"},"size":{"constant_value":10},"type":{"constant_value":"pd-ssd"},"zone":{"constant_value":"us-central1-a"}},"schema_version":0},{"address":"google_compute_instance_template.default","mode":"managed","type":"google_compute_instance_template","name":"default","provider_config_key":"google","expressions":{"can_ip_forward":{"constant_value":false},"description":{"constant_value":"This template is used to create app server instances."},"disk":[{"auto_delete":{"constant_value":true},"boot":{"constant_value":true},"resource_policies":{"references":["google_compute_resource_policy.daily_backup.id","google_compute_resource_policy.daily_backup"]},"source_image":{"constant_value":"debian-cloud/debian-9"}},{"auto_delete":{"constant_value":false},"boot":{"constant_value":false},"source":{"references":["google_compute_disk.disk1.name","google_compute_disk.disk1"]}}],"instance_description":{"constant_value":"description assigned to instances"},"labels":{"constant_value":{"environment":"dev"}},"machine_type":{"constant_value":"e2-medium"},"metadata":{"constant_value":{"foo":"bar"}},"name":{"constant_value":"template-app"},"network_interface":[{"network":{"constant_value":"default"}}],"scheduling":[{"automatic_restart":{"constant_value":true},"on_host_maintenance":{"constant_value":"MIGRATE"}}],"service_account":[{"email":{"references":["google_service_account.default.email","google_service_account.default"]},"scopes":{"constant_value":["https://www.googleapis.com/auth/userinfo.email","https://www.googleapis.com/auth/compute.readonly","https://www.googleapis.com/auth/logging.write","https://www.googleapis.com/auth/monitoring.write","https://www.googleapis.com/auth/source.read_only","https://www.googleapis.com/auth/devstorage.read_only","https://www.googleapis.com/auth/cloud-platform.read-only"]}}],"tags":{"constant_value":["instancegroup"]}},"schema_version":1},{"address":"google_compute_resource_policy.daily_backup","mode":"managed","type":"google_compute_resource_policy","name":"daily_backup","provider_config_key":"google","expressions":{"name":{"constant_value":"every-day-4am"},"region":{"constant_value":"us-central1"},"snapshot_schedule_policy":[{"schedule":[{"daily_schedule":[{"days_in_cycle":{"constant_value":1},"start_time":{"constant_value":"04:00"}}]}]}]},"schema_version":0},{"address":"google_service_account.default","mode":"managed","type":"google_service_account","name":"default","provider_config_key":"google","expressions":{"account_id":{"constant_value":"sa-for-tf-poc"},"display_name":{"constant_value":"Service Account for TF POC"}},"schema_version":0},{"address":"data.google_compute_image.image1","mode":"data","type":"google_compute_image","name":"image1","provider_config_key":"google","expressions":{"family":{"constant_value":"debian-9"},"project":{"constant_value":"debian-cloud"}},"schema_version":0}]}}}
